{
  "name": "leeight.github.com",
  "version": "1.0.0",
  "lockfileVersion": 1,
  "requires": true,
  "dependencies": {
    "copy-anything": {
      "version": "2.0.1",
      "resolved": "http://bnpm.byted.org/copy-anything/-/copy-anything-2.0.1.tgz",
      "integrity": "sha1-KvvObaaEvfy+yTdS+nYoGctIDZo=",
      "dev": true,
      "requires": {
        "is-what": "^3.7.1"
      }
    },
    "errno": {
      "version": "0.1.8",
      "resolved": "http://bnpm.byted.org/errno/-/errno-0.1.8.tgz",
      "integrity": "sha1-i7Ppx9Rjvkl2/4iPdrSAnrwugR8=",
      "dev": true,
      "optional": true,
      "requires": {
        "prr": "~1.0.1"
      }
    },
    "graceful-fs": {
      "version": "4.2.4",
      "resolved": "http://bnpm.byted.org/graceful-fs/-/graceful-fs-4.2.4.tgz",
      "integrity": "sha1-Ila94U02MpWMRl68ltxGfKB6Kfs=",
      "dev": true,
      "optional": true
    },
    "image-size": {
      "version": "0.5.5",
      "resolved": "http://bnpm.byted.org/image-size/-/image-size-0.5.5.tgz",
      "integrity": "sha1-Cd/Uq50g4p6xw+gLiZA3jfnjy5w=",
      "dev": true,
      "optional": true
    },
    "is-what": {
      "version": "3.12.0",
      "resolved": "http://bnpm.byted.org/is-what/-/is-what-3.12.0.tgz",
      "integrity": "sha1-9EBc5L1t1CDTztUaAm+5DgNwXlU=",
      "dev": true
    },
    "less": {
      "version": "4.0.0",
      "resolved": "http://bnpm.byted.org/less/-/less-4.0.0.tgz",
      "integrity": "sha1-0jjMJVdsH3InlNvKSsguXjx+nmU=",
      "dev": true,
      "requires": {
        "copy-anything": "^2.0.1",
        "errno": "^0.1.1",
        "graceful-fs": "^4.1.2",
        "image-size": "~0.5.0",
        "make-dir": "^2.1.0",
        "mime": "^1.4.1",
        "native-request": "^1.0.5",
        "parse-node-version": "^1.0.1",
        "source-map": "~0.6.0",
        "tslib": "^1.10.0"
      }
    },
    "make-dir": {
      "version": "2.1.0",
      "resolved": "http://bnpm.byted.org/make-dir/-/make-dir-2.1.0.tgz",
      "integrity": "sha1-XwMQ4YuL6JjMBwCSlaMK5B6R5vU=",
      "dev": true,
      "optional": true,
      "requires": {
        "pify": "^4.0.1",
        "semver": "^5.6.0"
      }
    },
    "mime": {
      "version": "1.6.0",
      "resolved": "http://bnpm.byted.org/mime/-/mime-1.6.0.tgz",
      "integrity": "sha1-Ms2eXGRVO9WNGaVor0Uqz/BJgbE=",
      "dev": true,
      "optional": true
    },
    "native-request": {
      "version": "1.0.8",
      "resolved": "http://bnpm.byted.org/native-request/-/native-request-1.0.8.tgz",
      "integrity": "sha1-j2a/YG4PfqJ8DlmV6y9dA+M65vs=",
      "dev": true,
      "optional": true
    },
    "parse-node-version": {
      "version": "1.0.1",
      "resolved": "http://bnpm.byted.org/parse-node-version/-/parse-node-version-1.0.1.tgz",
      "integrity": "sha1-4rXb7eAOf6m8NjYH9TMn6LBzGJs=",
      "dev": true
    },
    "pify": {
      "version": "4.0.1",
      "resolved": "http://bnpm.byted.org/pify/-/pify-4.0.1.tgz",
      "integrity": "sha1-SyzSXFDVmHNcUCkiJP2MbfQeMjE=",
      "dev": true,
      "optional": true
    },
    "prr": {
      "version": "1.0.1",
      "resolved": "http://bnpm.byted.org/prr/-/prr-1.0.1.tgz",
      "integrity": "sha1-0/wRS6BplaRexok/SEzrHXj19HY=",
      "dev": true,
      "optional": true
    },
    "semver": {
      "version": "5.7.1",
      "resolved": "http://bnpm.byted.org/semver/-/semver-5.7.1.tgz",
      "integrity": "sha1-qVT5Ma66UI0we78Gnv8MAclhFvc=",
      "dev": true,
      "optional": true
    },
    "source-map": {
      "version": "0.6.1",
      "resolved": "http://bnpm.byted.org/source-map/-/source-map-0.6.1.tgz",
      "integrity": "sha1-dHIq8y6WFOnCh6jQu95IteLxomM=",
      "dev": true,
      "optional": true
    },
    "tslib": {
      "version": "1.14.1",
      "resolved": "http://bnpm.byted.org/tslib/-/tslib-1.14.1.tgz",
      "integrity": "sha1-zy04vcNKE0vK8QkcQfZhni9nLQA=",
      "dev": true
    }
  }
}
